
Microsoft Visual Studio Solution File, Format Version 12.00
# Visual Studio Version 16
VisualStudioVersion = 16.0.32630.194
MinimumVisualStudioVersion = 10.0.40219.1
Project("{FAE04EC0-301F-11D3-BF4B-00C04F79EFBC}") = "FirebaseStorageApp", "FirebaseStorageApp\FirebaseStorageApp.csproj", "{42A2387B-88A3-4072-9BB5-87888876B2E3}"
EndProject
Project("{FAE04EC0-301F-11D3-BF4B-00C04F79EFBC}") = "FirebaseStorageApp.Services", "FirebaseStorageApp.Services\FirebaseStorageApp.Services.csproj", "{F8FDA4C4-2A3B-4D24-B0C7-1F50945F4693}"
EndProject
Project("{FAE04EC0-301F-11D3-BF4B-00C04F79EFBC}") = "FirebaseStorageApp.Model", "FirebaseStorageApp.Model\FirebaseStorageApp.Model.csproj", "{F3D2D996-D1A3-44FD-807D-3B19ED08D602}"
EndProject
Global
	GlobalSection(SolutionConfigurationPlatforms) = preSolution
		Debug|Any CPU = Debug|Any CPU
		Release|Any CPU = Release|Any CPU
	EndGlobalSection
	GlobalSection(ProjectConfigurationPlatforms) = postSolution
		{42A2387B-88A3-4072-9BB5-87888876B2E3}.Debug|Any CPU.ActiveCfg = Debug|Any CPU
		{42A2387B-88A3-4072-9BB5-87888876B2E3}.Debug|Any CPU.Build.0 = Debug|Any CPU
		{42A2387B-88A3-4072-9BB5-87888876B2E3}.Release|Any CPU.ActiveCfg = Release|Any CPU
		{42A2387B-88A3-4072-9BB5-87888876B2E3}.Release|Any CPU.Build.0 = Release|Any CPU
		{F8FDA4C4-2A3B-4D24-B0C7-1F50945F4693}.Debug|Any CPU.ActiveCfg = Debug|Any CPU
		{F8FDA4C4-2A3B-4D24-B0C7-1F50945F4693}.Debug|Any CPU.Build.0 = Debug|Any CPU
		{F8FDA4C4-2A3B-4D24-B0C7-1F50945F4693}.Release|Any CPU.ActiveCfg = Release|Any CPU
		{F8FDA4C4-2A3B-4D24-B0C7-1F50945F4693}.Release|Any CPU.Build.0 = Release|Any CPU
		{F3D2D996-D1A3-44FD-807D-3B19ED08D602}.Debug|Any CPU.ActiveCfg = Debug|Any CPU
		{F3D2D996-D1A3-44FD-807D-3B19ED08D602}.Debug|Any CPU.Build.0 = Debug|Any CPU
		{F3D2D996-D1A3-44FD-807D-3B19ED08D602}.Release|Any CPU.ActiveCfg = Release|Any CPU
		{F3D2D996-D1A3-44FD-807D-3B19ED08D602}.Release|Any CPU.Build.0 = Release|Any CPU
	EndGlobalSection
	GlobalSection(SolutionProperties) = preSolution
		HideSolutionNode = FALSE
	EndGlobalSection
	GlobalSection(ExtensibilityGlobals) = postSolution
		SolutionGuid = {7BA9E920-F995-4890-BD7F-B264548C2BC3}
	EndGlobalSection
EndGlobal
